
Microsoft Visual Studio Solution File, Format Version 12.00
# Visual Studio Version 16
VisualStudioVersion = 16.0.30804.86
MinimumVisualStudioVersion = 10.0.40219.1
Project("{FAE04EC0-301F-11D3-BF4B-00C04F79EFBC}") = "Calculator", "Calculator\Calculator.csproj", "{C7821A34-564F-43BE-BA2A-74EB7B4F1DC1}"
EndProject
Global
	GlobalSection(SolutionConfigurationPlatforms) = preSolution
		Debug|Any CPU = Debug|Any CPU
		Release|Any CPU = Release|Any CPU
	EndGlobalSection
	GlobalSection(ProjectConfigurationPlatforms) = postSolution
		{C7821A34-564F-43BE-BA2A-74EB7B4F1DC1}.Debug|Any CPU.ActiveCfg = Debug|Any CPU
		{C7821A34-564F-43BE-BA2A-74EB7B4F1DC1}.Debug|Any CPU.Build.0 = Debug|Any CPU
		{C7821A34-564F-43BE-BA2A-74EB7B4F1DC1}.Release|Any CPU.ActiveCfg = Release|Any CPU
		{C7821A34-564F-43BE-BA2A-74EB7B4F1DC1}.Release|Any CPU.Build.0 = Release|Any CPU
	EndGlobalSection
	GlobalSection(SolutionProperties) = preSolution
		HideSolutionNode = FALSE
	EndGlobalSection
	GlobalSection(ExtensibilityGlobals) = postSolution
		SolutionGuid = {E3C4BE24-6F40-4C55-B032-19929379DB5F}
	EndGlobalSection
EndGlobal
